
Microsoft Visual Studio Solution File, Format Version 12.00
# Visual Studio Version 17
VisualStudioVersion = 17.7.34031.279
MinimumVisualStudioVersion = 10.0.40219.1
Project("{888888A0-9F3D-457C-B088-3A5042F75D52}") = "Week9_Phase4_CIS261_Dwayne.winn", "Week9_Phase4_CIS261_Dwayne.winn.pyproj", "{023C89CC-6D66-406B-8F53-3FCB5B3D90DD}"
EndProject
Global
	GlobalSection(SolutionConfigurationPlatforms) = preSolution
		Debug|Any CPU = Debug|Any CPU
		Release|Any CPU = Release|Any CPU
	EndGlobalSection
	GlobalSection(ProjectConfigurationPlatforms) = postSolution
		{023C89CC-6D66-406B-8F53-3FCB5B3D90DD}.Debug|Any CPU.ActiveCfg = Debug|Any CPU
		{023C89CC-6D66-406B-8F53-3FCB5B3D90DD}.Release|Any CPU.ActiveCfg = Release|Any CPU
	EndGlobalSection
	GlobalSection(SolutionProperties) = preSolution
		HideSolutionNode = FALSE
	EndGlobalSection
	GlobalSection(ExtensibilityGlobals) = postSolution
		SolutionGuid = {FE729815-43C3-4790-9EAF-C44650415B4A}
	EndGlobalSection
EndGlobal
